
Microsoft Visual Studio Solution File, Format Version 12.00
# Visual Studio 15
VisualStudioVersion = 15.0.28307.489
MinimumVisualStudioVersion = 10.0.40219.1
Project("{F184B08F-C81C-45F6-A57F-5ABD9991F28F}") = "Bexitor", "Bexitor.vbproj", "{031724B9-7969-4DF9-9106-B633996E64CC}"
EndProject
Global
	GlobalSection(SolutionConfigurationPlatforms) = preSolution
		Debug|Any CPU = Debug|Any CPU
		Release|Any CPU = Release|Any CPU
	EndGlobalSection
	GlobalSection(ProjectConfigurationPlatforms) = postSolution
		{031724B9-7969-4DF9-9106-B633996E64CC}.Debug|Any CPU.ActiveCfg = Debug|Any CPU
		{031724B9-7969-4DF9-9106-B633996E64CC}.Debug|Any CPU.Build.0 = Debug|Any CPU
		{031724B9-7969-4DF9-9106-B633996E64CC}.Release|Any CPU.ActiveCfg = Release|Any CPU
		{031724B9-7969-4DF9-9106-B633996E64CC}.Release|Any CPU.Build.0 = Release|Any CPU
	EndGlobalSection
	GlobalSection(SolutionProperties) = preSolution
		HideSolutionNode = FALSE
	EndGlobalSection
	GlobalSection(ExtensibilityGlobals) = postSolution
		SolutionGuid = {3B16531C-311B-4F95-BD8D-C9617746C358}
	EndGlobalSection
EndGlobal
